// !$*UTF8*$!
{
	archiveVersion = 1;
	classes = {
	};
	objectVersion = 56;
	objects = {

/* Begin PBXBuildFile section */
		211A7444FD1CFA248BDDF2EF /* Pods_UIKitLearn.framework in Frameworks */ = {isa = PBXBuildFile; fileRef = CE28CBB0E529EF96046E2B47 /* Pods_UIKitLearn.framework */; };
		E7360F952B2FE1E400738731 /* AppDelegate.swift in Sources */ = {isa = PBXBuildFile; fileRef = E7360F942B2FE1E400738731 /* AppDelegate.swift */; };
		E7360F972B2FE1E400738731 /* SceneDelegate.swift in Sources */ = {isa = PBXBuildFile; fileRef = E7360F962B2FE1E400738731 /* SceneDelegate.swift */; };
		E7360F992B2FE1E400738731 /* ViewController.swift in Sources */ = {isa = PBXBuildFile; fileRef = E7360F982B2FE1E400738731 /* ViewController.swift */; };
		E7360F9C2B2FE1E400738731 /* Main.storyboard in Resources */ = {isa = PBXBuildFile; fileRef = E7360F9A2B2FE1E400738731 /* Main.storyboard */; };
		E7360F9E2B2FE1E500738731 /* Assets.xcassets in Resources */ = {isa = PBXBuildFile; fileRef = E7360F9D2B2FE1E500738731 /* Assets.xcassets */; };
		E7360FA12B2FE1E500738731 /* LaunchScreen.storyboard in Resources */ = {isa = PBXBuildFile; fileRef = E7360F9F2B2FE1E500738731 /* LaunchScreen.storyboard */; };
		E7360FA92B2FE33B00738731 /* FuncButton.swift in Sources */ = {isa = PBXBuildFile; fileRef = E7360FA82B2FE33B00738731 /* FuncButton.swift */; };
		E7360FAB2B2FEA8200738731 /* Board.swift in Sources */ = {isa = PBXBuildFile; fileRef = E7360FAA2B2FEA8200738731 /* Board.swift */; };
		E7360FAD2B30256B00738731 /* Screen.swift in Sources */ = {isa = PBXBuildFile; fileRef = E7360FAC2B30256B00738731 /* Screen.swift */; };
		E7360FAF2B31804700738731 /* CalculatorEngine.swift in Sources */ = {isa = PBXBuildFile; fileRef = E7360FAE2B31804700738731 /* CalculatorEngine.swift */; };
/* End PBXBuildFile section */

/* Begin PBXFileReference section */
		931C87355DCD3B6DA789E36E /* Pods-UIKitLearn.release.xcconfig */ = {isa = PBXFileReference; includeInIndex = 1; lastKnownFileType = text.xcconfig; name = "Pods-UIKitLearn.release.xcconfig"; path = "Target Support Files/Pods-UIKitLearn/Pods-UIKitLearn.release.xcconfig"; sourceTree = "<group>"; };
		9564EA0E04346D3B0470175B /* Pods-UIKitLearn.debug.xcconfig */ = {isa = PBXFileReference; includeInIndex = 1; lastKnownFileType = text.xcconfig; name = "Pods-UIKitLearn.debug.xcconfig"; path = "Target Support Files/Pods-UIKitLearn/Pods-UIKitLearn.debug.xcconfig"; sourceTree = "<group>"; };
		CE28CBB0E529EF96046E2B47 /* Pods_UIKitLearn.framework */ = {isa = PBXFileReference; explicitFileType = wrapper.framework; includeInIndex = 0; path = Pods_UIKitLearn.framework; sourceTree = BUILT_PRODUCTS_DIR; };
		E7360F912B2FE1E400738731 /* UIKitLearn.app */ = {isa = PBXFileReference; explicitFileType = wrapper.application; includeInIndex = 0; path = UIKitLearn.app; sourceTree = BUILT_PRODUCTS_DIR; };
		E7360F942B2FE1E400738731 /* AppDelegate.swift */ = {isa = PBXFileReference; lastKnownFileType = sourcecode.swift; path = AppDelegate.swift; sourceTree = "<group>"; };
		E7360F962B2FE1E400738731 /* SceneDelegate.swift */ = {isa = PBXFileReference; lastKnownFileType = sourcecode.swift; path = SceneDelegate.swift; sourceTree = "<group>"; };
		E7360F982B2FE1E400738731 /* ViewController.swift */ = {isa = PBXFileReference; lastKnownFileType = sourcecode.swift; path = ViewController.swift; sourceTree = "<group>"; };
		E7360F9B2B2FE1E400738731 /* Base */ = {isa = PBXFileReference; lastKnownFileType = file.storyboard; name = Base; path = Base.lproj/Main.storyboard; sourceTree = "<group>"; };
		E7360F9D2B2FE1E500738731 /* Assets.xcassets */ = {isa = PBXFileReference; lastKnownFileType = folder.assetcatalog; path = Assets.xcassets; sourceTree = "<group>"; };
		E7360FA02B2FE1E500738731 /* Base */ = {isa = PBXFileReference; lastKnownFileType = file.storyboard; name = Base; path = Base.lproj/LaunchScreen.storyboard; sourceTree = "<group>"; };
		E7360FA22B2FE1E500738731 /* Info.plist */ = {isa = PBXFileReference; lastKnownFileType = text.plist.xml; path = Info.plist; sourceTree = "<group>"; };
		E7360FA82B2FE33B00738731 /* FuncButton.swift */ = {isa = PBXFileReference; lastKnownFileType = sourcecode.swift; path = FuncButton.swift; sourceTree = "<group>"; };
		E7360FAA2B2FEA8200738731 /* Board.swift */ = {isa = PBXFileReference; lastKnownFileType = sourcecode.swift; path = Board.swift; sourceTree = "<group>"; };
		E7360FAC2B30256B00738731 /* Screen.swift */ = {isa = PBXFileReference; lastKnownFileType = sourcecode.swift; path = Screen.swift; sourceTree = "<group>"; };
		E7360FAE2B31804700738731 /* CalculatorEngine.swift */ = {isa = PBXFileReference; lastKnownFileType = sourcecode.swift; path = CalculatorEngine.swift; sourceTree = "<group>"; };
/* End PBXFileReference section */

/* Begin PBXFrameworksBuildPhase section */
		E7360F8E2B2FE1E400738731 /* Frameworks */ = {
			isa = PBXFrameworksBuildPhase;
			buildActionMask = 2147483647;
			files = (
				211A7444FD1CFA248BDDF2EF /* Pods_UIKitLearn.framework in Frameworks */,
			);
			runOnlyForDeploymentPostprocessing = 0;
		};
/* End PBXFrameworksBuildPhase section */

/* Begin PBXGroup section */
		57463B97FCF839BA412DDBF1 /* Frameworks */ = {
			isa = PBXGroup;
			children = (
				CE28CBB0E529EF96046E2B47 /* Pods_UIKitLearn.framework */,
			);
			name = Frameworks;
			sourceTree = "<group>";
		};
		68E37A916A913F4AEDF0313F /* Pods */ = {
			isa = PBXGroup;
			children = (
				9564EA0E04346D3B0470175B /* Pods-UIKitLearn.debug.xcconfig */,
				931C87355DCD3B6DA789E36E /* Pods-UIKitLearn.release.xcconfig */,
			);
			path = Pods;
			sourceTree = "<group>";
		};
		E7360F882B2FE1E400738731 = {
			isa = PBXGroup;
			children = (
				E7360F932B2FE1E400738731 /* UIKitLearn */,
				E7360F922B2FE1E400738731 /* Products */,
				68E37A916A913F4AEDF0313F /* Pods */,
				57463B97FCF839BA412DDBF1 /* Frameworks */,
			);
			sourceTree = "<group>";
		};
		E7360F922B2FE1E400738731 /* Products */ = {
			isa = PBXGroup;
			children = (
				E7360F912B2FE1E400738731 /* UIKitLearn.app */,
			);
			name = Products;
			sourceTree = "<group>";
		};
		E7360F932B2FE1E400738731 /* UIKitLearn */ = {
			isa = PBXGroup;
			children = (
				E7360F942B2FE1E400738731 /* AppDelegate.swift */,
				E7360F962B2FE1E400738731 /* SceneDelegate.swift */,
				E7360F982B2FE1E400738731 /* ViewController.swift */,
				E7360F9A2B2FE1E400738731 /* Main.storyboard */,
				E7360F9D2B2FE1E500738731 /* Assets.xcassets */,
				E7360F9F2B2FE1E500738731 /* LaunchScreen.storyboard */,
				E7360FA22B2FE1E500738731 /* Info.plist */,
				E7360FA82B2FE33B00738731 /* FuncButton.swift */,
				E7360FAE2B31804700738731 /* CalculatorEngine.swift */,
				E7360FAC2B30256B00738731 /* Screen.swift */,
				E7360FAA2B2FEA8200738731 /* Board.swift */,
			);
			path = UIKitLearn;
			sourceTree = "<group>";
		};
/* End PBXGroup section */

/* Begin PBXNativeTarget section */
		E7360F902B2FE1E400738731 /* UIKitLearn */ = {
			isa = PBXNativeTarget;
			buildConfigurationList = E7360FA52B2FE1E500738731 /* Build configuration list for PBXNativeTarget "UIKitLearn" */;
			buildPhases = (
				34394C64259D9F07FA3D587D /* [CP] Check Pods Manifest.lock */,
				E7360F8D2B2FE1E400738731 /* Sources */,
				E7360F8E2B2FE1E400738731 /* Frameworks */,
				E7360F8F2B2FE1E400738731 /* Resources */,
				D205579DCFC51E0F3426272A /* [CP] Embed Pods Frameworks */,
			);
			buildRules = (
			);
			dependencies = (
			);
			name = UIKitLearn;
			productName = UIKitLearn;
			productReference = E7360F912B2FE1E400738731 /* UIKitLearn.app */;
			productType = "com.apple.product-type.application";
		};
/* End PBXNativeTarget section */

/* Begin PBXProject section */
		E7360F892B2FE1E400738731 /* Project object */ = {
			isa = PBXProject;
			attributes = {
				BuildIndependentTargetsInParallel = 1;
				LastSwiftUpdateCheck = 1430;
				LastUpgradeCheck = 1430;
				TargetAttributes = {
					E7360F902B2FE1E400738731 = {
						CreatedOnToolsVersion = 14.3.1;
					};
				};
			};
			buildConfigurationList = E7360F8C2B2FE1E400738731 /* Build configuration list for PBXProject "UIKitLearn" */;
			compatibilityVersion = "Xcode 14.0";
			developmentRegion = en;
			hasScannedForEncodings = 0;
			knownRegions = (
				en,
				Base,
			);
			mainGroup = E7360F882B2FE1E400738731;
			productRefGroup = E7360F922B2FE1E400738731 /* Products */;
			projectDirPath = "";
			projectRoot = "";
			targets = (
				E7360F902B2FE1E400738731 /* UIKitLearn */,
			);
		};
/* End PBXProject section */

/* Begin PBXResourcesBuildPhase section */
		E7360F8F2B2FE1E400738731 /* Resources */ = {
			isa = PBXResourcesBuildPhase;
			buildActionMask = 2147483647;
			files = (
				E7360FA12B2FE1E500738731 /* LaunchScreen.storyboard in Resources */,
				E7360F9E2B2FE1E500738731 /* Assets.xcassets in Resources */,
				E7360F9C2B2FE1E400738731 /* Main.storyboard in Resources */,
			);
			runOnlyForDeploymentPostprocessing = 0;
		};
/* End PBXResourcesBuildPhase section */

/* Begin PBXShellScriptBuildPhase section */
		34394C64259D9F07FA3D587D /* [CP] Check Pods Manifest.lock */ = {
			isa = PBXShellScriptBuildPhase;
			buildActionMask = 2147483647;
			files = (
			);
			inputFileListPaths = (
			);
			inputPaths = (
				"${PODS_PODFILE_DIR_PATH}/Podfile.lock",
				"${PODS_ROOT}/Manifest.lock",
			);
			name = "[CP] Check Pods Manifest.lock";
			outputFileListPaths = (
			);
			outputPaths = (
				"$(DERIVED_FILE_DIR)/Pods-UIKitLearn-checkManifestLockResult.txt",
			);
			runOnlyForDeploymentPostprocessing = 0;
			shellPath = /bin/sh;
			shellScript = "diff \"${PODS_PODFILE_DIR_PATH}/Podfile.lock\" \"${PODS_ROOT}/Manifest.lock\" > /dev/null\nif [ $? != 0 ] ; then\n    # print error to STDERR\n    echo \"error: The sandbox is not in sync with the Podfile.lock. Run 'pod install' or update your CocoaPods installation.\" >&2\n    exit 1\nfi\n# This output is used by Xcode 'outputs' to avoid re-running this script phase.\necho \"SUCCESS\" > \"${SCRIPT_OUTPUT_FILE_0}\"\n";
			showEnvVarsInLog = 0;
		};
		D205579DCFC51E0F3426272A /* [CP] Embed Pods Frameworks */ = {
			isa = PBXShellScriptBuildPhase;
			buildActionMask = 2147483647;
			files = (
			);
			inputFileListPaths = (
				"${PODS_ROOT}/Target Support Files/Pods-UIKitLearn/Pods-UIKitLearn-frameworks-${CONFIGURATION}-input-files.xcfilelist",
			);
			name = "[CP] Embed Pods Frameworks";
			outputFileListPaths = (
				"${PODS_ROOT}/Target Support Files/Pods-UIKitLearn/Pods-UIKitLearn-frameworks-${CONFIGURATION}-output-files.xcfilelist",
			);
			runOnlyForDeploymentPostprocessing = 0;
			shellPath = /bin/sh;
			shellScript = "\"${PODS_ROOT}/Target Support Files/Pods-UIKitLearn/Pods-UIKitLearn-frameworks.sh\"\n";
			showEnvVarsInLog = 0;
		};
/* End PBXShellScriptBuildPhase section */

/* Begin PBXSourcesBuildPhase section */
		E7360F8D2B2FE1E400738731 /* Sources */ = {
			isa = PBXSourcesBuildPhase;
			buildActionMask = 2147483647;
			files = (
				E7360F992B2FE1E400738731 /* ViewController.swift in Sources */,
				E7360F952B2FE1E400738731 /* AppDelegate.swift in Sources */,
				E7360FAB2B2FEA8200738731 /* Board.swift in Sources */,
				E7360F972B2FE1E400738731 /* SceneDelegate.swift in Sources */,
				E7360FA92B2FE33B00738731 /* FuncButton.swift in Sources */,
				E7360FAF2B31804700738731 /* CalculatorEngine.swift in Sources */,
				E7360FAD2B30256B00738731 /* Screen.swift in Sources */,
			);
			runOnlyForDeploymentPostprocessing = 0;
		};
/* End PBXSourcesBuildPhase section */

/* Begin PBXVariantGroup section */
		E7360F9A2B2FE1E400738731 /* Main.storyboard */ = {
			isa = PBXVariantGroup;
			children = (
				E7360F9B2B2FE1E400738731 /* Base */,
			);
			name = Main.storyboard;
			sourceTree = "<group>";
		};
		E7360F9F2B2FE1E500738731 /* LaunchScreen.storyboard */ = {
			isa = PBXVariantGroup;
			children = (
				E7360FA02B2FE1E500738731 /* Base */,
			);
			name = LaunchScreen.storyboard;
			sourceTree = "<group>";
		};
/* End PBXVariantGroup section */

/* Begin XCBuildConfiguration section */
		E7360FA32B2FE1E500738731 /* Debug */ = {
			isa = XCBuildConfiguration;
			buildSettings = {
				ALWAYS_SEARCH_USER_PATHS = NO;
				CLANG_ANALYZER_NONNULL = YES;
				CLANG_ANALYZER_NUMBER_OBJECT_CONVERSION = YES_AGGRESSIVE;
				CLANG_CXX_LANGUAGE_STANDARD = "gnu++20";
				CLANG_ENABLE_MODULES = YES;
				CLANG_ENABLE_OBJC_ARC = YES;
				CLANG_ENABLE_OBJC_WEAK = YES;
				CLANG_WARN_BLOCK_CAPTURE_AUTORELEASING = YES;
				CLANG_WARN_BOOL_CONVERSION = YES;
				CLANG_WARN_COMMA = YES;
				CLANG_WARN_CONSTANT_CONVERSION = YES;
				CLANG_WARN_DEPRECATED_OBJC_IMPLEMENTATIONS = YES;
				CLANG_WARN_DIRECT_OBJC_ISA_USAGE = YES_ERROR;
				CLANG_WARN_DOCUMENTATION_COMMENTS = YES;
				CLANG_WARN_EMPTY_BODY = YES;
				CLANG_WARN_ENUM_CONVERSION = YES;
				CLANG_WARN_INFINITE_RECURSION = YES;
				CLANG_WARN_INT_CONVERSION = YES;
				CLANG_WARN_NON_LITERAL_NULL_CONVERSION = YES;
				CLANG_WARN_OBJC_IMPLICIT_RETAIN_SELF = YES;
				CLANG_WARN_OBJC_LITERAL_CONVERSION = YES;
				CLANG_WARN_OBJC_ROOT_CLASS = YES_ERROR;
				CLANG_WARN_QUOTED_INCLUDE_IN_FRAMEWORK_HEADER = YES;
				CLANG_WARN_RANGE_LOOP_ANALYSIS = YES;
				CLANG_WARN_STRICT_PROTOTYPES = YES;
				CLANG_WARN_SUSPICIOUS_MOVE = YES;
				CLANG_WARN_UNGUARDED_AVAILABILITY = YES_AGGRESSIVE;
				CLANG_WARN_UNREACHABLE_CODE = YES;
				CLANG_WARN__DUPLICATE_METHOD_MATCH = YES;
				COPY_PHASE_STRIP = NO;
				DEBUG_INFORMATION_FORMAT = dwarf;
				ENABLE_STRICT_OBJC_MSGSEND = YES;
				ENABLE_TESTABILITY = YES;
				GCC_C_LANGUAGE_STANDARD = gnu11;
				GCC_DYNAMIC_NO_PIC = NO;
				GCC_NO_COMMON_BLOCKS = YES;
				GCC_OPTIMIZATION_LEVEL = 0;
				GCC_PREPROCESSOR_DEFINITIONS = (
					"DEBUG=1",
					"$(inherited)",
				);
				GCC_WARN_64_TO_32_BIT_CONVERSION = YES;
				GCC_WARN_ABOUT_RETURN_TYPE = YES_ERROR;
				GCC_WARN_UNDECLARED_SELECTOR = YES;
				GCC_WARN_UNINITIALIZED_AUTOS = YES_AGGRESSIVE;
				GCC_WARN_UNUSED_FUNCTION = YES;
				GCC_WARN_UNUSED_VARIABLE = YES;
				IPHONEOS_DEPLOYMENT_TARGET = 16.4;
				MTL_ENABLE_DEBUG_INFO = INCLUDE_SOURCE;
				MTL_FAST_MATH = YES;
				ONLY_ACTIVE_ARCH = YES;
				SDKROOT = iphoneos;
				SWIFT_ACTIVE_COMPILATION_CONDITIONS = DEBUG;
				SWIFT_OPTIMIZATION_LEVEL = "-Onone";
			};
			name = Debug;
		};
		E7360FA42B2FE1E500738731 /* Release */ = {
			isa = XCBuildConfiguration;
			buildSettings = {
				ALWAYS_SEARCH_USER_PATHS = NO;
				CLANG_ANALYZER_NONNULL = YES;
				CLANG_ANALYZER_NUMBER_OBJECT_CONVERSION = YES_AGGRESSIVE;
				CLANG_CXX_LANGUAGE_STANDARD = "gnu++20";
				CLANG_ENABLE_MODULES = YES;
				CLANG_ENABLE_OBJC_ARC = YES;
				CLANG_ENABLE_OBJC_WEAK = YES;
				CLANG_WARN_BLOCK_CAPTURE_AUTORELEASING = YES;
				CLANG_WARN_BOOL_CONVERSION = YES;
				CLANG_WARN_COMMA = YES;
				CLANG_WARN_CONSTANT_CONVERSION = YES;
				CLANG_WARN_DEPRECATED_OBJC_IMPLEMENTATIONS = YES;
				CLANG_WARN_DIRECT_OBJC_ISA_USAGE = YES_ERROR;
				CLANG_WARN_DOCUMENTATION_COMMENTS = YES;
				CLANG_WARN_EMPTY_BODY = YES;
				CLANG_WARN_ENUM_CONVERSION = YES;
				CLANG_WARN_INFINITE_RECURSION = YES;
				CLANG_WARN_INT_CONVERSION = YES;
				CLANG_WARN_NON_LITERAL_NULL_CONVERSION = YES;
				CLANG_WARN_OBJC_IMPLICIT_RETAIN_SELF = YES;
				CLANG_WARN_OBJC_LITERAL_CONVERSION = YES;
				CLANG_WARN_OBJC_ROOT_CLASS = YES_ERROR;
				CLANG_WARN_QUOTED_INCLUDE_IN_FRAMEWORK_HEADER = YES;
				CLANG_WARN_RANGE_LOOP_ANALYSIS = YES;
				CLANG_WARN_STRICT_PROTOTYPES = YES;
				CLANG_WARN_SUSPICIOUS_MOVE = YES;
				CLANG_WARN_UNGUARDED_AVAILABILITY = YES_AGGRESSIVE;
				CLANG_WARN_UNREACHABLE_CODE = YES;
				CLANG_WARN__DUPLICATE_METHOD_MATCH = YES;
				COPY_PHASE_STRIP = NO;
				DEBUG_INFORMATION_FORMAT = "dwarf-with-dsym";
				ENABLE_NS_ASSERTIONS = NO;
				ENABLE_STRICT_OBJC_MSGSEND = YES;
				GCC_C_LANGUAGE_STANDARD = gnu11;
				GCC_NO_COMMON_BLOCKS = YES;
				GCC_WARN_64_TO_32_BIT_CONVERSION = YES;
				GCC_WARN_ABOUT_RETURN_TYPE = YES_ERROR;
				GCC_WARN_UNDECLARED_SELECTOR = YES;
				GCC_WARN_UNINITIALIZED_AUTOS = YES_AGGRESSIVE;
				GCC_WARN_UNUSED_FUNCTION = YES;
				GCC_WARN_UNUSED_VARIABLE = YES;
				IPHONEOS_DEPLOYMENT_TARGET = 16.4;
				MTL_ENABLE_DEBUG_INFO = NO;
				MTL_FAST_MATH = YES;
				SDKROOT = iphoneos;
				SWIFT_COMPILATION_MODE = wholemodule;
				SWIFT_OPTIMIZATION_LEVEL = "-O";
				VALIDATE_PRODUCT = YES;
			};
			name = Release;
		};
		E7360FA62B2FE1E500738731 /* Debug */ = {
			isa = XCBuildConfiguration;
			baseConfigurationReference = 9564EA0E04346D3B0470175B /* Pods-UIKitLearn.debug.xcconfig */;
			buildSettings = {
				ASSETCATALOG_COMPILER_APPICON_NAME = AppIcon;
				ASSETCATALOG_COMPILER_GLOBAL_ACCENT_COLOR_NAME = AccentColor;
				CODE_SIGN_STYLE = Automatic;
				CURRENT_PROJECT_VERSION = 1;
				GENERATE_INFOPLIST_FILE = YES;
				INFOPLIST_FILE = UIKitLearn/Info.plist;
				INFOPLIST_KEY_UIApplicationSupportsIndirectInputEvents = YES;
				INFOPLIST_KEY_UILaunchStoryboardName = LaunchScreen;
				INFOPLIST_KEY_UIMainStoryboardFile = Main;
				INFOPLIST_KEY_UISupportedInterfaceOrientations_iPad = "UIInterfaceOrientationPortrait UIInterfaceOrientationPortraitUpsideDown UIInterfaceOrientationLandscapeLeft UIInterfaceOrientationLandscapeRight";
				INFOPLIST_KEY_UISupportedInterfaceOrientations_iPhone = "UIInterfaceOrientationPortrait UIInterfaceOrientationLandscapeLeft UIInterfaceOrientationLandscapeRight";
				LD_RUNPATH_SEARCH_PATHS = (
					"$(inherited)",
					"@executable_path/Frameworks",
				);
				MARKETING_VERSION = 1.0;
				PRODUCT_BUNDLE_IDENTIFIER = com.myorganization.UIKitLearn;
				PRODUCT_NAME = "$(TARGET_NAME)";
				SWIFT_EMIT_LOC_STRINGS = YES;
				SWIFT_VERSION = 5.0;
				TARGETED_DEVICE_FAMILY = "1,2";
			};
			name = Debug;
		};
		E7360FA72B2FE1E500738731 /* Release */ = {
			isa = XCBuildConfiguration;
			baseConfigurationReference = 931C87355DCD3B6DA789E36E /* Pods-UIKitLearn.release.xcconfig */;
			buildSettings = {
				ASSETCATALOG_COMPILER_APPICON_NAME = AppIcon;
				ASSETCATALOG_COMPILER_GLOBAL_ACCENT_COLOR_NAME = AccentColor;
				CODE_SIGN_STYLE = Automatic;
				CURRENT_PROJECT_VERSION = 1;
				GENERATE_INFOPLIST_FILE = YES;
				INFOPLIST_FILE = UIKitLearn/Info.plist;
				INFOPLIST_KEY_UIApplicationSupportsIndirectInputEvents = YES;
				INFOPLIST_KEY_UILaunchStoryboardName = LaunchScreen;
				INFOPLIST_KEY_UIMainStoryboardFile = Main;
				INFOPLIST_KEY_UISupportedInterfaceOrientations_iPad = "UIInterfaceOrientationPortrait UIInterfaceOrientationPortraitUpsideDown UIInterfaceOrientationLandscapeLeft UIInterfaceOrientationLandscapeRight";
				INFOPLIST_KEY_UISupportedInterfaceOrientations_iPhone = "UIInterfaceOrientationPortrait UIInterfaceOrientationLandscapeLeft UIInterfaceOrientationLandscapeRight";
				LD_RUNPATH_SEARCH_PATHS = (
					"$(inherited)",
					"@executable_path/Frameworks",
				);
				MARKETING_VERSION = 1.0;
				PRODUCT_BUNDLE_IDENTIFIER = com.myorganization.UIKitLearn;
				PRODUCT_NAME = "$(TARGET_NAME)";
				SWIFT_EMIT_LOC_STRINGS = YES;
				SWIFT_VERSION = 5.0;
				TARGETED_DEVICE_FAMILY = "1,2";
			};
			name = Release;
		};
/* End XCBuildConfiguration section */

/* Begin XCConfigurationList section */
		E7360F8C2B2FE1E400738731 /* Build configuration list for PBXProject "UIKitLearn" */ = {
			isa = XCConfigurationList;
			buildConfigurations = (
				E7360FA32B2FE1E500738731 /* Debug */,
				E7360FA42B2FE1E500738731 /* Release */,
			);
			defaultConfigurationIsVisible = 0;
			defaultConfigurationName = Release;
		};
		E7360FA52B2FE1E500738731 /* Build configuration list for PBXNativeTarget "UIKitLearn" */ = {
			isa = XCConfigurationList;
			buildConfigurations = (
				E7360FA62B2FE1E500738731 /* Debug */,
				E7360FA72B2FE1E500738731 /* Release */,
			);
			defaultConfigurationIsVisible = 0;
			defaultConfigurationName = Release;
		};
/* End XCConfigurationList section */
	};
	rootObject = E7360F892B2FE1E400738731 /* Project object */;
}
